
Microsoft Visual Studio Solution File, Format Version 12.00
# Visual Studio Version 17
VisualStudioVersion = 17.4.33110.190
MinimumVisualStudioVersion = 10.0.40219.1
Project("{9A19103F-16F7-4668-BE54-9A1E7A4F7556}") = "WeatherForecastApp", "WeatherForecastApp.csproj", "{AB621495-4C59-4F52-A58C-83E4BD2E36FE}"
EndProject
Global
	GlobalSection(SolutionConfigurationPlatforms) = preSolution
		Debug|Any CPU = Debug|Any CPU
		Release|Any CPU = Release|Any CPU
	EndGlobalSection
	GlobalSection(ProjectConfigurationPlatforms) = postSolution
		{AB621495-4C59-4F52-A58C-83E4BD2E36FE}.Debug|Any CPU.ActiveCfg = Debug|Any CPU
		{AB621495-4C59-4F52-A58C-83E4BD2E36FE}.Debug|Any CPU.Build.0 = Debug|Any CPU
		{AB621495-4C59-4F52-A58C-83E4BD2E36FE}.Release|Any CPU.ActiveCfg = Release|Any CPU
		{AB621495-4C59-4F52-A58C-83E4BD2E36FE}.Release|Any CPU.Build.0 = Release|Any CPU
	EndGlobalSection
	GlobalSection(SolutionProperties) = preSolution
		HideSolutionNode = FALSE
	EndGlobalSection
	GlobalSection(ExtensibilityGlobals) = postSolution
		SolutionGuid = {CB07E146-80B4-4C83-B175-39401F2B4881}
	EndGlobalSection
EndGlobal
